
Microsoft Visual Studio Solution File, Format Version 12.00
# Visual Studio Version 16
VisualStudioVersion = 16.0.29519.87
MinimumVisualStudioVersion = 10.0.40219.1
Project("{8BC9CEB8-8B4A-11D0-8D11-00A0C91BC942}") = "Proyecto_POO3", "Proyecto_POO3\Proyecto_POO3.vcxproj", "{44666BD6-2521-47CE-8B66-B20BD11351F2}"
EndProject
Global
	GlobalSection(SolutionConfigurationPlatforms) = preSolution
		Debug|x64 = Debug|x64
		Debug|x86 = Debug|x86
		Release|x64 = Release|x64
		Release|x86 = Release|x86
	EndGlobalSection
	GlobalSection(ProjectConfigurationPlatforms) = postSolution
		{44666BD6-2521-47CE-8B66-B20BD11351F2}.Debug|x64.ActiveCfg = Debug|x64
		{44666BD6-2521-47CE-8B66-B20BD11351F2}.Debug|x64.Build.0 = Debug|x64
		{44666BD6-2521-47CE-8B66-B20BD11351F2}.Debug|x86.ActiveCfg = Debug|Win32
		{44666BD6-2521-47CE-8B66-B20BD11351F2}.Debug|x86.Build.0 = Debug|Win32
		{44666BD6-2521-47CE-8B66-B20BD11351F2}.Release|x64.ActiveCfg = Release|x64
		{44666BD6-2521-47CE-8B66-B20BD11351F2}.Release|x64.Build.0 = Release|x64
		{44666BD6-2521-47CE-8B66-B20BD11351F2}.Release|x86.ActiveCfg = Release|Win32
		{44666BD6-2521-47CE-8B66-B20BD11351F2}.Release|x86.Build.0 = Release|Win32
	EndGlobalSection
	GlobalSection(SolutionProperties) = preSolution
		HideSolutionNode = FALSE
	EndGlobalSection
	GlobalSection(ExtensibilityGlobals) = postSolution
		SolutionGuid = {7268618F-1890-4D4E-9B78-4362610ECE7F}
	EndGlobalSection
EndGlobal
