<?xml version="1.0" encoding="utf-8"?>
<Project ToolsVersion="4.0" xmlns="http://schemas.microsoft.com/developer/msbuild/2003">
  <ItemGroup>
    <Filter Include="Source Files">
      <UniqueIdentifier>{4FC737F1-C7A5-4376-A066-2A32D752A2FF}</UniqueIdentifier>
      <Extensions>cpp;c;cc;cxx;def;odl;idl;hpj;bat;asm;asmx</Extensions>
    </Filter>
    <Filter Include="Header Files">
      <UniqueIdentifier>{93995380-89BD-4b04-88EB-625FBE52EBFB}</UniqueIdentifier>
      <Extensions>h;hh;hpp;hxx;hm;inl;inc;ipp;xsd</Extensions>
    </Filter>
    <Filter Include="Resource Files">
      <UniqueIdentifier>{67DA6AB6-F800-4c08-8B7A-83BB121AAD01}</UniqueIdentifier>
      <Extensions>rc;ico;cur;bmp;dlg;rc2;rct;bin;rgs;gif;jpg;jpeg;jpe;resx;tiff;tif;png;wav;mfcribbon-ms</Extensions>
    </Filter>
    <Filter Include="Header Files\MenuInicio">
      <UniqueIdentifier>{0fb9ec2f-074c-4383-a1ac-69fe76d36532}</UniqueIdentifier>
    </Filter>
    <Filter Include="Source Files\MenuInicio">
      <UniqueIdentifier>{36574352-252c-4547-9f83-6e47cfcba5c0}</UniqueIdentifier>
    </Filter>
    <Filter Include="Header Files\Contenedores">
      <UniqueIdentifier>{8849fddb-9f2d-49ba-9a75-a231be998660}</UniqueIdentifier>
    </Filter>
    <Filter Include="Source Files\Contenedores">
      <UniqueIdentifier>{0b0b208d-1d19-43e1-9153-1151caf90b1c}</UniqueIdentifier>
    </Filter>
    <Filter Include="Header Files\Graphics">
      <UniqueIdentifier>{7a8310ea-8e48-4825-9aab-5ab6bd4b45dd}</UniqueIdentifier>
    </Filter>
    <Filter Include="Source Files\Graphics">
      <UniqueIdentifier>{af018087-43b9-4b66-9aee-afd69701f6be}</UniqueIdentifier>
    </Filter>
    <Filter Include="Header Files\GameManager">
      <UniqueIdentifier>{5b8a65dd-3572-4be1-9cca-bd55eb4b9bfa}</UniqueIdentifier>
    </Filter>
    <Filter Include="Source Files\GameManager">
      <UniqueIdentifier>{fd8d3289-fb65-44fb-9eaf-0f6648591746}</UniqueIdentifier>
    </Filter>
    <Filter Include="Header Files\GameObjects">
      <UniqueIdentifier>{f0df82e9-c825-427f-b6f5-9f589dee4f98}</UniqueIdentifier>
    </Filter>
    <Filter Include="Source Files\GameObject">
      <UniqueIdentifier>{3858a181-2db0-467f-bd44-4fa7b1a83580}</UniqueIdentifier>
    </Filter>
  </ItemGroup>
  <ItemGroup>
    <ClCompile Include="Proyecto_POO3.cpp">
      <Filter>Source Files</Filter>
    </ClCompile>
    <ClCompile Include="MenuInicio.cpp">
      <Filter>Source Files\MenuInicio</Filter>
    </ClCompile>
    <ClCompile Include="Lista.cpp">
      <Filter>Source Files\Contenedores</Filter>
    </ClCompile>
    <ClCompile Include="Nodo.cpp">
      <Filter>Source Files\Contenedores</Filter>
    </ClCompile>
    <ClCompile Include="Graphics.cpp">
      <Filter>Source Files\Graphics</Filter>
    </ClCompile>
    <ClCompile Include="GameManager.cpp">
      <Filter>Source Files\GameManager</Filter>
    </ClCompile>
    <ClCompile Include="Texture.cpp">
      <Filter>Source Files\Graphics</Filter>
    </ClCompile>
    <ClCompile Include="AssetManager.cpp">
      <Filter>Source Files\GameManager</Filter>
    </ClCompile>
    <ClCompile Include="Map.cpp">
      <Filter>Source Files\Contenedores</Filter>
    </ClCompile>
    <ClCompile Include="GameObject.cpp">
      <Filter>Source Files\GameObject</Filter>
    </ClCompile>
  </ItemGroup>
  <ItemGroup>
    <ClInclude Include="MenuInicio.h">
      <Filter>Header Files\MenuInicio</Filter>
    </ClInclude>
    <ClInclude Include="Lista.h">
      <Filter>Header Files\Contenedores</Filter>
    </ClInclude>
    <ClInclude Include="Nodo.h">
      <Filter>Header Files\Contenedores</Filter>
    </ClInclude>
    <ClInclude Include="Grafo.h">
      <Filter>Header Files\Contenedores</Filter>
    </ClInclude>
    <ClInclude Include="Graphics.h">
      <Filter>Header Files\Graphics</Filter>
    </ClInclude>
    <ClInclude Include="GameManager.h">
      <Filter>Header Files\GameManager</Filter>
    </ClInclude>
    <ClInclude Include="Texture.h">
      <Filter>Header Files\Graphics</Filter>
    </ClInclude>
    <ClInclude Include="AssetManager.h">
      <Filter>Header Files\GameManager</Filter>
    </ClInclude>
    <ClInclude Include="Map.h">
      <Filter>Header Files\Contenedores</Filter>
    </ClInclude>
    <ClInclude Include="Vector.h">
      <Filter>Header Files\Contenedores</Filter>
    </ClInclude>
    <ClInclude Include="GameObject.h">
      <Filter>Header Files\GameObjects</Filter>
    </ClInclude>
  </ItemGroup>
</Project>